
Microsoft Visual Studio Solution File, Format Version 12.00
# Visual Studio Version 16
VisualStudioVersion = 16.0.29721.120
MinimumVisualStudioVersion = 10.0.40219.1
Project("{9A19103F-16F7-4668-BE54-9A1E7A4F7556}") = "DynamicConfiguration.UI", "DynamicConfiguration.UI\DynamicConfiguration.UI.csproj", "{8B8FF8C2-C081-4268-A7DF-2CBE05405DC0}"
EndProject
Project("{9A19103F-16F7-4668-BE54-9A1E7A4F7556}") = "DynamicConfiguration.Model", "DynamicConfiguration.Model\DynamicConfiguration.Model.csproj", "{65F72F9A-DDD1-41E1-A5C2-3469EF7946B0}"
EndProject
Project("{9A19103F-16F7-4668-BE54-9A1E7A4F7556}") = "DynamicConfiguration.DAL", "DynamicConfiguration.DAL\DynamicConfiguration.DAL.csproj", "{A2844B7E-4703-45B5-906C-BC6C93012605}"
EndProject
Project("{9A19103F-16F7-4668-BE54-9A1E7A4F7556}") = "DynamicConfigurator", "DynamicConfigurator\DynamicConfigurator.csproj", "{720F097B-CB16-4544-85BE-0A3777814694}"
EndProject
Project("{9A19103F-16F7-4668-BE54-9A1E7A4F7556}") = "ServiceA", "ServiceA\ServiceA.csproj", "{14CAF461-FB49-48B4-9E8B-D37463A7C0FC}"
EndProject
Project("{E53339B2-1760-4266-BCC7-CA923CBCF16C}") = "docker-compose", "docker-compose.dcproj", "{A2253C1F-8F50-4334-A476-A7DEC65D5212}"
EndProject
Project("{FAE04EC0-301F-11D3-BF4B-00C04F79EFBC}") = "ServiceB", "ServiceB\ServiceB.csproj", "{7C8D6179-FDE6-4384-8D3D-80E7FE059329}"
EndProject
Global
	GlobalSection(SolutionConfigurationPlatforms) = preSolution
		Debug|Any CPU = Debug|Any CPU
		Release|Any CPU = Release|Any CPU
	EndGlobalSection
	GlobalSection(ProjectConfigurationPlatforms) = postSolution
		{8B8FF8C2-C081-4268-A7DF-2CBE05405DC0}.Debug|Any CPU.ActiveCfg = Debug|Any CPU
		{8B8FF8C2-C081-4268-A7DF-2CBE05405DC0}.Debug|Any CPU.Build.0 = Debug|Any CPU
		{8B8FF8C2-C081-4268-A7DF-2CBE05405DC0}.Release|Any CPU.ActiveCfg = Release|Any CPU
		{8B8FF8C2-C081-4268-A7DF-2CBE05405DC0}.Release|Any CPU.Build.0 = Release|Any CPU
		{65F72F9A-DDD1-41E1-A5C2-3469EF7946B0}.Debug|Any CPU.ActiveCfg = Debug|Any CPU
		{65F72F9A-DDD1-41E1-A5C2-3469EF7946B0}.Debug|Any CPU.Build.0 = Debug|Any CPU
		{65F72F9A-DDD1-41E1-A5C2-3469EF7946B0}.Release|Any CPU.ActiveCfg = Release|Any CPU
		{65F72F9A-DDD1-41E1-A5C2-3469EF7946B0}.Release|Any CPU.Build.0 = Release|Any CPU
		{A2844B7E-4703-45B5-906C-BC6C93012605}.Debug|Any CPU.ActiveCfg = Debug|Any CPU
		{A2844B7E-4703-45B5-906C-BC6C93012605}.Debug|Any CPU.Build.0 = Debug|Any CPU
		{A2844B7E-4703-45B5-906C-BC6C93012605}.Release|Any CPU.ActiveCfg = Release|Any CPU
		{A2844B7E-4703-45B5-906C-BC6C93012605}.Release|Any CPU.Build.0 = Release|Any CPU
		{720F097B-CB16-4544-85BE-0A3777814694}.Debug|Any CPU.ActiveCfg = Debug|Any CPU
		{720F097B-CB16-4544-85BE-0A3777814694}.Debug|Any CPU.Build.0 = Debug|Any CPU
		{720F097B-CB16-4544-85BE-0A3777814694}.Release|Any CPU.ActiveCfg = Release|Any CPU
		{720F097B-CB16-4544-85BE-0A3777814694}.Release|Any CPU.Build.0 = Release|Any CPU
		{14CAF461-FB49-48B4-9E8B-D37463A7C0FC}.Debug|Any CPU.ActiveCfg = Debug|Any CPU
		{14CAF461-FB49-48B4-9E8B-D37463A7C0FC}.Debug|Any CPU.Build.0 = Debug|Any CPU
		{14CAF461-FB49-48B4-9E8B-D37463A7C0FC}.Release|Any CPU.ActiveCfg = Release|Any CPU
		{14CAF461-FB49-48B4-9E8B-D37463A7C0FC}.Release|Any CPU.Build.0 = Release|Any CPU
		{A2253C1F-8F50-4334-A476-A7DEC65D5212}.Debug|Any CPU.ActiveCfg = Debug|Any CPU
		{A2253C1F-8F50-4334-A476-A7DEC65D5212}.Debug|Any CPU.Build.0 = Debug|Any CPU
		{A2253C1F-8F50-4334-A476-A7DEC65D5212}.Release|Any CPU.ActiveCfg = Release|Any CPU
		{A2253C1F-8F50-4334-A476-A7DEC65D5212}.Release|Any CPU.Build.0 = Release|Any CPU
		{7C8D6179-FDE6-4384-8D3D-80E7FE059329}.Debug|Any CPU.ActiveCfg = Debug|Any CPU
		{7C8D6179-FDE6-4384-8D3D-80E7FE059329}.Debug|Any CPU.Build.0 = Debug|Any CPU
		{7C8D6179-FDE6-4384-8D3D-80E7FE059329}.Release|Any CPU.ActiveCfg = Release|Any CPU
		{7C8D6179-FDE6-4384-8D3D-80E7FE059329}.Release|Any CPU.Build.0 = Release|Any CPU
	EndGlobalSection
	GlobalSection(SolutionProperties) = preSolution
		HideSolutionNode = FALSE
	EndGlobalSection
	GlobalSection(ExtensibilityGlobals) = postSolution
		SolutionGuid = {E2FE78A6-E448-4BA6-861B-84B7DA9AAFFF}
	EndGlobalSection
EndGlobal
