
Microsoft Visual Studio Solution File, Format Version 12.00
# Visual Studio Version 16
VisualStudioVersion = 16.0.29721.120
MinimumVisualStudioVersion = 10.0.40219.1
Project("{FAE04EC0-301F-11D3-BF4B-00C04F79EFBC}") = "DynamicConfiguration.UI", "DynamicConfiguration.UI\DynamicConfiguration.UI.csproj", "{8B8FF8C2-C081-4268-A7DF-2CBE05405DC0}"
EndProject
Project("{FAE04EC0-301F-11D3-BF4B-00C04F79EFBC}") = "DynamicConfiguration.Model", "DynamicConfiguration.Model\DynamicConfiguration.Model.csproj", "{65F72F9A-DDD1-41E1-A5C2-3469EF7946B0}"
EndProject
Project("{FAE04EC0-301F-11D3-BF4B-00C04F79EFBC}") = "DynamicConfiguration.DAL", "DynamicConfiguration.DAL\DynamicConfiguration.DAL.csproj", "{A2844B7E-4703-45B5-906C-BC6C93012605}"
EndProject
Global
	GlobalSection(SolutionConfigurationPlatforms) = preSolution
		Debug|Any CPU = Debug|Any CPU
		Release|Any CPU = Release|Any CPU
	EndGlobalSection
	GlobalSection(ProjectConfigurationPlatforms) = postSolution
		{8B8FF8C2-C081-4268-A7DF-2CBE05405DC0}.Debug|Any CPU.ActiveCfg = Debug|Any CPU
		{8B8FF8C2-C081-4268-A7DF-2CBE05405DC0}.Debug|Any CPU.Build.0 = Debug|Any CPU
		{8B8FF8C2-C081-4268-A7DF-2CBE05405DC0}.Release|Any CPU.ActiveCfg = Release|Any CPU
		{8B8FF8C2-C081-4268-A7DF-2CBE05405DC0}.Release|Any CPU.Build.0 = Release|Any CPU
		{65F72F9A-DDD1-41E1-A5C2-3469EF7946B0}.Debug|Any CPU.ActiveCfg = Debug|Any CPU
		{65F72F9A-DDD1-41E1-A5C2-3469EF7946B0}.Debug|Any CPU.Build.0 = Debug|Any CPU
		{65F72F9A-DDD1-41E1-A5C2-3469EF7946B0}.Release|Any CPU.ActiveCfg = Release|Any CPU
		{65F72F9A-DDD1-41E1-A5C2-3469EF7946B0}.Release|Any CPU.Build.0 = Release|Any CPU
		{A2844B7E-4703-45B5-906C-BC6C93012605}.Debug|Any CPU.ActiveCfg = Debug|Any CPU
		{A2844B7E-4703-45B5-906C-BC6C93012605}.Debug|Any CPU.Build.0 = Debug|Any CPU
		{A2844B7E-4703-45B5-906C-BC6C93012605}.Release|Any CPU.ActiveCfg = Release|Any CPU
		{A2844B7E-4703-45B5-906C-BC6C93012605}.Release|Any CPU.Build.0 = Release|Any CPU
	EndGlobalSection
	GlobalSection(SolutionProperties) = preSolution
		HideSolutionNode = FALSE
	EndGlobalSection
	GlobalSection(ExtensibilityGlobals) = postSolution
		SolutionGuid = {E2FE78A6-E448-4BA6-861B-84B7DA9AAFFF}
	EndGlobalSection
EndGlobal
